
Microsoft Visual Studio Solution File, Format Version 12.00
# Visual Studio Version 16
VisualStudioVersion = 16.0.30413.136
MinimumVisualStudioVersion = 10.0.40219.1
Project("{FAE04EC0-301F-11D3-BF4B-00C04F79EFBC}") = "Mock Assessment 1", "Mock Assessment 1\Mock Assessment 1.csproj", "{881B1DF3-64A1-4581-A1ED-803EBFCE451B}"
EndProject
Global
	GlobalSection(SolutionConfigurationPlatforms) = preSolution
		Debug|Any CPU = Debug|Any CPU
		Release|Any CPU = Release|Any CPU
	EndGlobalSection
	GlobalSection(ProjectConfigurationPlatforms) = postSolution
		{881B1DF3-64A1-4581-A1ED-803EBFCE451B}.Debug|Any CPU.ActiveCfg = Debug|Any CPU
		{881B1DF3-64A1-4581-A1ED-803EBFCE451B}.Debug|Any CPU.Build.0 = Debug|Any CPU
		{881B1DF3-64A1-4581-A1ED-803EBFCE451B}.Release|Any CPU.ActiveCfg = Release|Any CPU
		{881B1DF3-64A1-4581-A1ED-803EBFCE451B}.Release|Any CPU.Build.0 = Release|Any CPU
	EndGlobalSection
	GlobalSection(SolutionProperties) = preSolution
		HideSolutionNode = FALSE
	EndGlobalSection
	GlobalSection(ExtensibilityGlobals) = postSolution
		SolutionGuid = {E894BDF2-5D19-4205-BE69-F96D378EB717}
	EndGlobalSection
EndGlobal
